
Microsoft Visual Studio Solution File, Format Version 12.00
# Visual Studio Version 16
VisualStudioVersion = 16.0.32602.291
MinimumVisualStudioVersion = 10.0.40219.1
Project("{FAE04EC0-301F-11D3-BF4B-00C04F79EFBC}") = "ConsoleMVC", "ConsoleMVC\ConsoleMVC.csproj", "{BAD17702-E6D3-4B4D-A69B-3FA085C9BDC1}"
EndProject
Global
	GlobalSection(SolutionConfigurationPlatforms) = preSolution
		Debug|Any CPU = Debug|Any CPU
		Release|Any CPU = Release|Any CPU
	EndGlobalSection
	GlobalSection(ProjectConfigurationPlatforms) = postSolution
		{BAD17702-E6D3-4B4D-A69B-3FA085C9BDC1}.Debug|Any CPU.ActiveCfg = Debug|Any CPU
		{BAD17702-E6D3-4B4D-A69B-3FA085C9BDC1}.Debug|Any CPU.Build.0 = Debug|Any CPU
		{BAD17702-E6D3-4B4D-A69B-3FA085C9BDC1}.Release|Any CPU.ActiveCfg = Release|Any CPU
		{BAD17702-E6D3-4B4D-A69B-3FA085C9BDC1}.Release|Any CPU.Build.0 = Release|Any CPU
	EndGlobalSection
	GlobalSection(SolutionProperties) = preSolution
		HideSolutionNode = FALSE
	EndGlobalSection
	GlobalSection(ExtensibilityGlobals) = postSolution
		SolutionGuid = {4FE362A2-8092-416B-830F-483A09EE53EF}
	EndGlobalSection
EndGlobal
